// !$*UTF8*$!
{
	archiveVersion = 1;
	classes = {
	};
	objectVersion = 46;
	objects = {

/* Begin PBXBuildFile section */
		75FD443814507A7600981C48 /* UIKit.framework in Frameworks */ = {isa = PBXBuildFile; fileRef = 75FD443714507A7600981C48 /* UIKit.framework */; };
		75FD443A14507A7600981C48 /* Foundation.framework in Frameworks */ = {isa = PBXBuildFile; fileRef = 75FD443914507A7600981C48 /* Foundation.framework */; };
		75FD443C14507A7600981C48 /* CoreGraphics.framework in Frameworks */ = {isa = PBXBuildFile; fileRef = 75FD443B14507A7600981C48 /* CoreGraphics.framework */; };
		75FD444214507A7600981C48 /* InfoPlist.strings in Resources */ = {isa = PBXBuildFile; fileRef = 75FD444014507A7600981C48 /* InfoPlist.strings */; };
		75FD444414507A7600981C48 /* main.m in Sources */ = {isa = PBXBuildFile; fileRef = 75FD444314507A7600981C48 /* main.m */; };
		75FD444814507A7600981C48 /* HelloWorldAppDelegate.m in Sources */ = {isa = PBXBuildFile; fileRef = 75FD444714507A7600981C48 /* HelloWorldAppDelegate.m */; };
		75FD444B14507A7600981C48 /* MainStoryboard.storyboard in Resources */ = {isa = PBXBuildFile; fileRef = 75FD444914507A7600981C48 /* MainStoryboard.storyboard */; };
		75FD444E14507A7600981C48 /* HelloWorldViewController.m in Sources */ = {isa = PBXBuildFile; fileRef = 75FD444D14507A7600981C48 /* HelloWorldViewController.m */; };
		75FD445614507A7600981C48 /* SenTestingKit.framework in Frameworks */ = {isa = PBXBuildFile; fileRef = 75FD445514507A7600981C48 /* SenTestingKit.framework */; };
		75FD445714507A7600981C48 /* UIKit.framework in Frameworks */ = {isa = PBXBuildFile; fileRef = 75FD443714507A7600981C48 /* UIKit.framework */; };
		75FD445814507A7600981C48 /* Foundation.framework in Frameworks */ = {isa = PBXBuildFile; fileRef = 75FD443914507A7600981C48 /* Foundation.framework */; };
		75FD446014507A7600981C48 /* InfoPlist.strings in Resources */ = {isa = PBXBuildFile; fileRef = 75FD445E14507A7600981C48 /* InfoPlist.strings */; };
		75FD446314507A7600981C48 /* HelloWorldTests.m in Sources */ = {isa = PBXBuildFile; fileRef = 75FD446214507A7600981C48 /* HelloWorldTests.m */; };
/* End PBXBuildFile section */

/* Begin PBXContainerItemProxy section */
		75FD445914507A7600981C48 /* PBXContainerItemProxy */ = {
			isa = PBXContainerItemProxy;
			containerPortal = 75FD442A14507A7600981C48 /* Project object */;
			proxyType = 1;
			remoteGlobalIDString = 75FD443214507A7600981C48;
			remoteInfo = HelloWorld;
		};
/* End PBXContainerItemProxy section */

/* Begin PBXFileReference section */
		75FD443314507A7600981C48 /* HelloWorld.app */ = {isa = PBXFileReference; explicitFileType = wrapper.application; includeInIndex = 0; path = HelloWorld.app; sourceTree = BUILT_PRODUCTS_DIR; };
		75FD443714507A7600981C48 /* UIKit.framework */ = {isa = PBXFileReference; lastKnownFileType = wrapper.framework; name = UIKit.framework; path = System/Library/Frameworks/UIKit.framework; sourceTree = SDKROOT; };
		75FD443914507A7600981C48 /* Foundation.framework */ = {isa = PBXFileReference; lastKnownFileType = wrapper.framework; name = Foundation.framework; path = System/Library/Frameworks/Foundation.framework; sourceTree = SDKROOT; };
		75FD443B14507A7600981C48 /* CoreGraphics.framework */ = {isa = PBXFileReference; lastKnownFileType = wrapper.framework; name = CoreGraphics.framework; path = System/Library/Frameworks/CoreGraphics.framework; sourceTree = SDKROOT; };
		75FD443F14507A7600981C48 /* HelloWorld-Info.plist */ = {isa = PBXFileReference; lastKnownFileType = text.plist.xml; path = "HelloWorld-Info.plist"; sourceTree = "<group>"; };
		75FD444114507A7600981C48 /* en */ = {isa = PBXFileReference; lastKnownFileType = text.plist.strings; name = en; path = en.lproj/InfoPlist.strings; sourceTree = "<group>"; };
		75FD444314507A7600981C48 /* main.m */ = {isa = PBXFileReference; lastKnownFileType = sourcecode.c.objc; path = main.m; sourceTree = "<group>"; };
		75FD444514507A7600981C48 /* HelloWorld-Prefix.pch */ = {isa = PBXFileReference; lastKnownFileType = sourcecode.c.h; path = "HelloWorld-Prefix.pch"; sourceTree = "<group>"; };
		75FD444614507A7600981C48 /* HelloWorldAppDelegate.h */ = {isa = PBXFileReference; lastKnownFileType = sourcecode.c.h; path = HelloWorldAppDelegate.h; sourceTree = "<group>"; };
		75FD444714507A7600981C48 /* HelloWorldAppDelegate.m */ = {isa = PBXFileReference; lastKnownFileType = sourcecode.c.objc; path = HelloWorldAppDelegate.m; sourceTree = "<group>"; };
		75FD444A14507A7600981C48 /* en */ = {isa = PBXFileReference; lastKnownFileType = file.storyboard; name = en; path = en.lproj/MainStoryboard.storyboard; sourceTree = "<group>"; };
		75FD444C14507A7600981C48 /* HelloWorldViewController.h */ = {isa = PBXFileReference; lastKnownFileType = sourcecode.c.h; path = HelloWorldViewController.h; sourceTree = "<group>"; };
		75FD444D14507A7600981C48 /* HelloWorldViewController.m */ = {isa = PBXFileReference; lastKnownFileType = sourcecode.c.objc; path = HelloWorldViewController.m; sourceTree = "<group>"; };
		75FD445414507A7600981C48 /* HelloWorldTests.octest */ = {isa = PBXFileReference; explicitFileType = wrapper.cfbundle; includeInIndex = 0; path = HelloWorldTests.octest; sourceTree = BUILT_PRODUCTS_DIR; };
		75FD445514507A7600981C48 /* SenTestingKit.framework */ = {isa = PBXFileReference; lastKnownFileType = wrapper.framework; name = SenTestingKit.framework; path = Library/Frameworks/SenTestingKit.framework; sourceTree = DEVELOPER_DIR; };
		75FD445D14507A7600981C48 /* HelloWorldTests-Info.plist */ = {isa = PBXFileReference; lastKnownFileType = text.plist.xml; path = "HelloWorldTests-Info.plist"; sourceTree = "<group>"; };
		75FD445F14507A7600981C48 /* en */ = {isa = PBXFileReference; lastKnownFileType = text.plist.strings; name = en; path = en.lproj/InfoPlist.strings; sourceTree = "<group>"; };
		75FD446114507A7600981C48 /* HelloWorldTests.h */ = {isa = PBXFileReference; lastKnownFileType = sourcecode.c.h; path = HelloWorldTests.h; sourceTree = "<group>"; };
		75FD446214507A7600981C48 /* HelloWorldTests.m */ = {isa = PBXFileReference; lastKnownFileType = sourcecode.c.objc; path = HelloWorldTests.m; sourceTree = "<group>"; };
/* End PBXFileReference section */

/* Begin PBXFrameworksBuildPhase section */
		75FD443014507A7600981C48 /* Frameworks */ = {
			isa = PBXFrameworksBuildPhase;
			buildActionMask = 2147483647;
			files = (
				75FD443814507A7600981C48 /* UIKit.framework in Frameworks */,
				75FD443A14507A7600981C48 /* Foundation.framework in Frameworks */,
				75FD443C14507A7600981C48 /* CoreGraphics.framework in Frameworks */,
			);
			runOnlyForDeploymentPostprocessing = 0;
		};
		75FD445014507A7600981C48 /* Frameworks */ = {
			isa = PBXFrameworksBuildPhase;
			buildActionMask = 2147483647;
			files = (
				75FD445614507A7600981C48 /* SenTestingKit.framework in Frameworks */,
				75FD445714507A7600981C48 /* UIKit.framework in Frameworks */,
				75FD445814507A7600981C48 /* Foundation.framework in Frameworks */,
			);
			runOnlyForDeploymentPostprocessing = 0;
		};
/* End PBXFrameworksBuildPhase section */

/* Begin PBXGroup section */
		75FD442814507A7600981C48 = {
			isa = PBXGroup;
			children = (
				75FD443D14507A7600981C48 /* HelloWorld */,
				75FD445B14507A7600981C48 /* HelloWorldTests */,
				75FD443614507A7600981C48 /* Frameworks */,
				75FD443414507A7600981C48 /* Products */,
			);
			sourceTree = "<group>";
		};
		75FD443414507A7600981C48 /* Products */ = {
			isa = PBXGroup;
			children = (
				75FD443314507A7600981C48 /* HelloWorld.app */,
				75FD445414507A7600981C48 /* HelloWorldTests.octest */,
			);
			name = Products;
			sourceTree = "<group>";
		};
		75FD443614507A7600981C48 /* Frameworks */ = {
			isa = PBXGroup;
			children = (
				75FD443714507A7600981C48 /* UIKit.framework */,
				75FD443914507A7600981C48 /* Foundation.framework */,
				75FD443B14507A7600981C48 /* CoreGraphics.framework */,
				75FD445514507A7600981C48 /* SenTestingKit.framework */,
			);
			name = Frameworks;
			sourceTree = "<group>";
		};
		75FD443D14507A7600981C48 /* HelloWorld */ = {
			isa = PBXGroup;
			children = (
				75FD444614507A7600981C48 /* HelloWorldAppDelegate.h */,
				75FD444714507A7600981C48 /* HelloWorldAppDelegate.m */,
				75FD444914507A7600981C48 /* MainStoryboard.storyboard */,
				75FD444C14507A7600981C48 /* HelloWorldViewController.h */,
				75FD444D14507A7600981C48 /* HelloWorldViewController.m */,
				75FD443E14507A7600981C48 /* Supporting Files */,
			);
			path = HelloWorld;
			sourceTree = "<group>";
		};
		75FD443E14507A7600981C48 /* Supporting Files */ = {
			isa = PBXGroup;
			children = (
				75FD443F14507A7600981C48 /* HelloWorld-Info.plist */,
				75FD444014507A7600981C48 /* InfoPlist.strings */,
				75FD444314507A7600981C48 /* main.m */,
				75FD444514507A7600981C48 /* HelloWorld-Prefix.pch */,
			);
			name = "Supporting Files";
			sourceTree = "<group>";
		};
		75FD445B14507A7600981C48 /* HelloWorldTests */ = {
			isa = PBXGroup;
			children = (
				75FD446114507A7600981C48 /* HelloWorldTests.h */,
				75FD446214507A7600981C48 /* HelloWorldTests.m */,
				75FD445C14507A7600981C48 /* Supporting Files */,
			);
			path = HelloWorldTests;
			sourceTree = "<group>";
		};
		75FD445C14507A7600981C48 /* Supporting Files */ = {
			isa = PBXGroup;
			children = (
				75FD445D14507A7600981C48 /* HelloWorldTests-Info.plist */,
				75FD445E14507A7600981C48 /* InfoPlist.strings */,
			);
			name = "Supporting Files";
			sourceTree = "<group>";
		};
/* End PBXGroup section */

/* Begin PBXNativeTarget section */
		75FD443214507A7600981C48 /* HelloWorld */ = {
			isa = PBXNativeTarget;
			buildConfigurationList = 75FD446614507A7600981C48 /* Build configuration list for PBXNativeTarget "HelloWorld" */;
			buildPhases = (
				75FD442F14507A7600981C48 /* Sources */,
				75FD443014507A7600981C48 /* Frameworks */,
				75FD443114507A7600981C48 /* Resources */,
			);
			buildRules = (
			);
			dependencies = (
			);
			name = HelloWorld;
			productName = HelloWorld;
			productReference = 75FD443314507A7600981C48 /* HelloWorld.app */;
			productType = "com.apple.product-type.application";
		};
		75FD445314507A7600981C48 /* HelloWorldTests */ = {
			isa = PBXNativeTarget;
			buildConfigurationList = 75FD446914507A7600981C48 /* Build configuration list for PBXNativeTarget "HelloWorldTests" */;
			buildPhases = (
				75FD444F14507A7600981C48 /* Sources */,
				75FD445014507A7600981C48 /* Frameworks */,
				75FD445114507A7600981C48 /* Resources */,
				75FD445214507A7600981C48 /* ShellScript */,
			);
			buildRules = (
			);
			dependencies = (
				75FD445A14507A7600981C48 /* PBXTargetDependency */,
			);
			name = HelloWorldTests;
			productName = HelloWorldTests;
			productReference = 75FD445414507A7600981C48 /* HelloWorldTests.octest */;
			productType = "com.apple.product-type.bundle";
		};
/* End PBXNativeTarget section */

/* Begin PBXProject section */
		75FD442A14507A7600981C48 /* Project object */ = {
			isa = PBXProject;
			attributes = {
				LastUpgradeCheck = 0420;
			};
			buildConfigurationList = 75FD442D14507A7600981C48 /* Build configuration list for PBXProject "HelloWorld" */;
			compatibilityVersion = "Xcode 3.2";
			developmentRegion = English;
			hasScannedForEncodings = 0;
			knownRegions = (
				en,
			);
			mainGroup = 75FD442814507A7600981C48;
			productRefGroup = 75FD443414507A7600981C48 /* Products */;
			projectDirPath = "";
			projectRoot = "";
			targets = (
				75FD443214507A7600981C48 /* HelloWorld */,
				75FD445314507A7600981C48 /* HelloWorldTests */,
			);
		};
/* End PBXProject section */

/* Begin PBXResourcesBuildPhase section */
		75FD443114507A7600981C48 /* Resources */ = {
			isa = PBXResourcesBuildPhase;
			buildActionMask = 2147483647;
			files = (
				75FD444214507A7600981C48 /* InfoPlist.strings in Resources */,
				75FD444B14507A7600981C48 /* MainStoryboard.storyboard in Resources */,
			);
			runOnlyForDeploymentPostprocessing = 0;
		};
		75FD445114507A7600981C48 /* Resources */ = {
			isa = PBXResourcesBuildPhase;
			buildActionMask = 2147483647;
			files = (
				75FD446014507A7600981C48 /* InfoPlist.strings in Resources */,
			);
			runOnlyForDeploymentPostprocessing = 0;
		};
/* End PBXResourcesBuildPhase section */

/* Begin PBXShellScriptBuildPhase section */
		75FD445214507A7600981C48 /* ShellScript */ = {
			isa = PBXShellScriptBuildPhase;
			buildActionMask = 2147483647;
			files = (
			);
			inputPaths = (
			);
			outputPaths = (
			);
			runOnlyForDeploymentPostprocessing = 0;
			shellPath = /bin/sh;
			shellScript = "# Run the unit tests in this test bundle.\n\"${SYSTEM_DEVELOPER_DIR}/Tools/RunUnitTests\"\n";
		};
/* End PBXShellScriptBuildPhase section */

/* Begin PBXSourcesBuildPhase section */
		75FD442F14507A7600981C48 /* Sources */ = {
			isa = PBXSourcesBuildPhase;
			buildActionMask = 2147483647;
			files = (
				75FD444414507A7600981C48 /* main.m in Sources */,
				75FD444814507A7600981C48 /* HelloWorldAppDelegate.m in Sources */,
				75FD444E14507A7600981C48 /* HelloWorldViewController.m in Sources */,
			);
			runOnlyForDeploymentPostprocessing = 0;
		};
		75FD444F14507A7600981C48 /* Sources */ = {
			isa = PBXSourcesBuildPhase;
			buildActionMask = 2147483647;
			files = (
				75FD446314507A7600981C48 /* HelloWorldTests.m in Sources */,
			);
			runOnlyForDeploymentPostprocessing = 0;
		};
/* End PBXSourcesBuildPhase section */

/* Begin PBXTargetDependency section */
		75FD445A14507A7600981C48 /* PBXTargetDependency */ = {
			isa = PBXTargetDependency;
			target = 75FD443214507A7600981C48 /* HelloWorld */;
			targetProxy = 75FD445914507A7600981C48 /* PBXContainerItemProxy */;
		};
/* End PBXTargetDependency section */

/* Begin PBXVariantGroup section */
		75FD444014507A7600981C48 /* InfoPlist.strings */ = {
			isa = PBXVariantGroup;
			children = (
				75FD444114507A7600981C48 /* en */,
			);
			name = InfoPlist.strings;
			sourceTree = "<group>";
		};
		75FD444914507A7600981C48 /* MainStoryboard.storyboard */ = {
			isa = PBXVariantGroup;
			children = (
				75FD444A14507A7600981C48 /* en */,
			);
			name = MainStoryboard.storyboard;
			sourceTree = "<group>";
		};
		75FD445E14507A7600981C48 /* InfoPlist.strings */ = {
			isa = PBXVariantGroup;
			children = (
				75FD445F14507A7600981C48 /* en */,
			);
			name = InfoPlist.strings;
			sourceTree = "<group>";
		};
/* End PBXVariantGroup section */

/* Begin XCBuildConfiguration section */
		75FD446414507A7600981C48 /* Debug */ = {
			isa = XCBuildConfiguration;
			buildSettings = {
				ALWAYS_SEARCH_USER_PATHS = NO;
				ARCHS = "$(ARCHS_STANDARD_32_BIT)";
				CLANG_ENABLE_OBJC_ARC = YES;
				"CODE_SIGN_IDENTITY[sdk=iphoneos*]" = "iPhone Developer";
				COPY_PHASE_STRIP = NO;
				GCC_C_LANGUAGE_STANDARD = gnu99;
				GCC_DYNAMIC_NO_PIC = NO;
				GCC_OPTIMIZATION_LEVEL = 0;
				GCC_PREPROCESSOR_DEFINITIONS = (
					"DEBUG=1",
					"$(inherited)",
				);
				GCC_SYMBOLS_PRIVATE_EXTERN = NO;
				GCC_VERSION = com.apple.compilers.llvm.clang.1_0;
				GCC_WARN_ABOUT_MISSING_PROTOTYPES = YES;
				GCC_WARN_ABOUT_RETURN_TYPE = YES;
				GCC_WARN_UNUSED_VARIABLE = YES;
				IPHONEOS_DEPLOYMENT_TARGET = 5.0;
				SDKROOT = iphoneos;
			};
			name = Debug;
		};
		75FD446514507A7600981C48 /* Release */ = {
			isa = XCBuildConfiguration;
			buildSettings = {
				ALWAYS_SEARCH_USER_PATHS = NO;
				ARCHS = "$(ARCHS_STANDARD_32_BIT)";
				CLANG_ENABLE_OBJC_ARC = YES;
				"CODE_SIGN_IDENTITY[sdk=iphoneos*]" = "iPhone Developer";
				COPY_PHASE_STRIP = YES;
				GCC_C_LANGUAGE_STANDARD = gnu99;
				GCC_VERSION = com.apple.compilers.llvm.clang.1_0;
				GCC_WARN_ABOUT_MISSING_PROTOTYPES = YES;
				GCC_WARN_ABOUT_RETURN_TYPE = YES;
				GCC_WARN_UNUSED_VARIABLE = YES;
				IPHONEOS_DEPLOYMENT_TARGET = 5.0;
				OTHER_CFLAGS = "-DNS_BLOCK_ASSERTIONS=1";
				SDKROOT = iphoneos;
				VALIDATE_PRODUCT = YES;
			};
			name = Release;
		};
		75FD446714507A7600981C48 /* Debug */ = {
			isa = XCBuildConfiguration;
			buildSettings = {
				GCC_PRECOMPILE_PREFIX_HEADER = YES;
				GCC_PREFIX_HEADER = "HelloWorld/HelloWorld-Prefix.pch";
				INFOPLIST_FILE = "HelloWorld/HelloWorld-Info.plist";
				PRODUCT_NAME = "$(TARGET_NAME)";
				WRAPPER_EXTENSION = app;
			};
			name = Debug;
		};
		75FD446814507A7600981C48 /* Release */ = {
			isa = XCBuildConfiguration;
			buildSettings = {
				GCC_PRECOMPILE_PREFIX_HEADER = YES;
				GCC_PREFIX_HEADER = "HelloWorld/HelloWorld-Prefix.pch";
				INFOPLIST_FILE = "HelloWorld/HelloWorld-Info.plist";
				PRODUCT_NAME = "$(TARGET_NAME)";
				WRAPPER_EXTENSION = app;
			};
			name = Release;
		};
		75FD446A14507A7600981C48 /* Debug */ = {
			isa = XCBuildConfiguration;
			buildSettings = {
				BUNDLE_LOADER = "$(BUILT_PRODUCTS_DIR)/HelloWorld.app/HelloWorld";
				FRAMEWORK_SEARCH_PATHS = (
					"$(SDKROOT)/Developer/Library/Frameworks",
					"$(DEVELOPER_LIBRARY_DIR)/Frameworks",
				);
				GCC_PRECOMPILE_PREFIX_HEADER = YES;
				GCC_PREFIX_HEADER = "HelloWorld/HelloWorld-Prefix.pch";
				INFOPLIST_FILE = "HelloWorldTests/HelloWorldTests-Info.plist";
				PRODUCT_NAME = "$(TARGET_NAME)";
				TEST_HOST = "$(BUNDLE_LOADER)";
				WRAPPER_EXTENSION = octest;
			};
			name = Debug;
		};
		75FD446B14507A7600981C48 /* Release */ = {
			isa = XCBuildConfiguration;
			buildSettings = {
				BUNDLE_LOADER = "$(BUILT_PRODUCTS_DIR)/HelloWorld.app/HelloWorld";
				FRAMEWORK_SEARCH_PATHS = (
					"$(SDKROOT)/Developer/Library/Frameworks",
					"$(DEVELOPER_LIBRARY_DIR)/Frameworks",
				);
				GCC_PRECOMPILE_PREFIX_HEADER = YES;
				GCC_PREFIX_HEADER = "HelloWorld/HelloWorld-Prefix.pch";
				INFOPLIST_FILE = "HelloWorldTests/HelloWorldTests-Info.plist";
				PRODUCT_NAME = "$(TARGET_NAME)";
				TEST_HOST = "$(BUNDLE_LOADER)";
				WRAPPER_EXTENSION = octest;
			};
			name = Release;
		};
/* End XCBuildConfiguration section */

/* Begin XCConfigurationList section */
		75FD442D14507A7600981C48 /* Build configuration list for PBXProject "HelloWorld" */ = {
			isa = XCConfigurationList;
			buildConfigurations = (
				75FD446414507A7600981C48 /* Debug */,
				75FD446514507A7600981C48 /* Release */,
			);
			defaultConfigurationIsVisible = 0;
			defaultConfigurationName = Release;
		};
		75FD446614507A7600981C48 /* Build configuration list for PBXNativeTarget "HelloWorld" */ = {
			isa = XCConfigurationList;
			buildConfigurations = (
				75FD446714507A7600981C48 /* Debug */,
				75FD446814507A7600981C48 /* Release */,
			);
			defaultConfigurationIsVisible = 0;
		};
		75FD446914507A7600981C48 /* Build configuration list for PBXNativeTarget "HelloWorldTests" */ = {
			isa = XCConfigurationList;
			buildConfigurations = (
				75FD446A14507A7600981C48 /* Debug */,
				75FD446B14507A7600981C48 /* Release */,
			);
			defaultConfigurationIsVisible = 0;
		};
/* End XCConfigurationList section */
	};
	rootObject = 75FD442A14507A7600981C48 /* Project object */;
}
